
Microsoft Visual Studio Solution File, Format Version 12.00
# Visual Studio Version 16
VisualStudioVersion = 16.0.29001.49
MinimumVisualStudioVersion = 10.0.40219.1
Project("{39E2626F-3545-4960-A6E8-258AD8476CE5}") = "Test Hook", "Test Hook.androidproj", "{E30DE232-285E-4350-BA03-204624F6463C}"
EndProject
Global
	GlobalSection(SolutionConfigurationPlatforms) = preSolution
		Debug|ARM = Debug|ARM
		Debug|ARM64 = Debug|ARM64
		Debug|x64 = Debug|x64
		Debug|x86 = Debug|x86
		Release|ARM = Release|ARM
		Release|ARM64 = Release|ARM64
		Release|x64 = Release|x64
		Release|x86 = Release|x86
	EndGlobalSection
	GlobalSection(ProjectConfigurationPlatforms) = postSolution
		{E30DE232-285E-4350-BA03-204624F6463C}.Debug|ARM.ActiveCfg = Debug|ARM
		{E30DE232-285E-4350-BA03-204624F6463C}.Debug|ARM.Build.0 = Debug|ARM
		{E30DE232-285E-4350-BA03-204624F6463C}.Debug|ARM.Deploy.0 = Debug|ARM
		{E30DE232-285E-4350-BA03-204624F6463C}.Debug|ARM64.ActiveCfg = Debug|ARM64
		{E30DE232-285E-4350-BA03-204624F6463C}.Debug|ARM64.Build.0 = Debug|ARM64
		{E30DE232-285E-4350-BA03-204624F6463C}.Debug|ARM64.Deploy.0 = Debug|ARM64
		{E30DE232-285E-4350-BA03-204624F6463C}.Debug|x64.ActiveCfg = Debug|x64
		{E30DE232-285E-4350-BA03-204624F6463C}.Debug|x64.Build.0 = Debug|x64
		{E30DE232-285E-4350-BA03-204624F6463C}.Debug|x64.Deploy.0 = Debug|x64
		{E30DE232-285E-4350-BA03-204624F6463C}.Debug|x86.ActiveCfg = Debug|x86
		{E30DE232-285E-4350-BA03-204624F6463C}.Debug|x86.Build.0 = Debug|x86
		{E30DE232-285E-4350-BA03-204624F6463C}.Debug|x86.Deploy.0 = Debug|x86
		{E30DE232-285E-4350-BA03-204624F6463C}.Release|ARM.ActiveCfg = Release|ARM
		{E30DE232-285E-4350-BA03-204624F6463C}.Release|ARM.Build.0 = Release|ARM
		{E30DE232-285E-4350-BA03-204624F6463C}.Release|ARM.Deploy.0 = Release|ARM
		{E30DE232-285E-4350-BA03-204624F6463C}.Release|ARM64.ActiveCfg = Release|ARM64
		{E30DE232-285E-4350-BA03-204624F6463C}.Release|ARM64.Build.0 = Release|ARM64
		{E30DE232-285E-4350-BA03-204624F6463C}.Release|ARM64.Deploy.0 = Release|ARM64
		{E30DE232-285E-4350-BA03-204624F6463C}.Release|x64.ActiveCfg = Release|x64
		{E30DE232-285E-4350-BA03-204624F6463C}.Release|x64.Build.0 = Release|x64
		{E30DE232-285E-4350-BA03-204624F6463C}.Release|x64.Deploy.0 = Release|x64
		{E30DE232-285E-4350-BA03-204624F6463C}.Release|x86.ActiveCfg = Release|x86
		{E30DE232-285E-4350-BA03-204624F6463C}.Release|x86.Build.0 = Release|x86
		{E30DE232-285E-4350-BA03-204624F6463C}.Release|x86.Deploy.0 = Release|x86
	EndGlobalSection
	GlobalSection(SolutionProperties) = preSolution
		HideSolutionNode = FALSE
	EndGlobalSection
	GlobalSection(ExtensibilityGlobals) = postSolution
		SolutionGuid = {4E352CE4-513E-47C2-AC66-505F5DB94CA0}
	EndGlobalSection
EndGlobal
